
Microsoft Visual Studio Solution File, Format Version 12.00
# Visual Studio Version 17
VisualStudioVersion = 17.3.32825.248
MinimumVisualStudioVersion = 10.0.40219.1
Project("{9A19103F-16F7-4668-BE54-9A1E7A4F7556}") = "b3-dev-tu-flamant-benoit-armand-lelio", "b3-dev-tu-flamant-benoit-armand-lelio\b3-dev-tu-flamant-benoit-armand-lelio.csproj", "{14E9F7E1-6FE5-4C88-ADA9-B45E7BB4621F}"
EndProject
Project("{FAE04EC0-301F-11D3-BF4B-00C04F79EFBC}") = "tests-unitaires", "tests-unitaires\tests-unitaires.csproj", "{C4E1F9B8-F838-4610-A4CF-4F6A4847CBD4}"
EndProject
Global
	GlobalSection(SolutionConfigurationPlatforms) = preSolution
		Debug|Any CPU = Debug|Any CPU
		Release|Any CPU = Release|Any CPU
	EndGlobalSection
	GlobalSection(ProjectConfigurationPlatforms) = postSolution
		{14E9F7E1-6FE5-4C88-ADA9-B45E7BB4621F}.Debug|Any CPU.ActiveCfg = Debug|Any CPU
		{14E9F7E1-6FE5-4C88-ADA9-B45E7BB4621F}.Debug|Any CPU.Build.0 = Debug|Any CPU
		{14E9F7E1-6FE5-4C88-ADA9-B45E7BB4621F}.Release|Any CPU.ActiveCfg = Release|Any CPU
		{14E9F7E1-6FE5-4C88-ADA9-B45E7BB4621F}.Release|Any CPU.Build.0 = Release|Any CPU
		{C4E1F9B8-F838-4610-A4CF-4F6A4847CBD4}.Debug|Any CPU.ActiveCfg = Debug|Any CPU
		{C4E1F9B8-F838-4610-A4CF-4F6A4847CBD4}.Debug|Any CPU.Build.0 = Debug|Any CPU
		{C4E1F9B8-F838-4610-A4CF-4F6A4847CBD4}.Release|Any CPU.ActiveCfg = Release|Any CPU
		{C4E1F9B8-F838-4610-A4CF-4F6A4847CBD4}.Release|Any CPU.Build.0 = Release|Any CPU
	EndGlobalSection
	GlobalSection(SolutionProperties) = preSolution
		HideSolutionNode = FALSE
	EndGlobalSection
	GlobalSection(ExtensibilityGlobals) = postSolution
		SolutionGuid = {3EBFCFC5-AE70-4638-8444-F408F9C9F740}
	EndGlobalSection
EndGlobal
